<?xml version="1.0" encoding="utf-8"?>
<Project ToolsVersion="4.0" xmlns="http://schemas.microsoft.com/developer/msbuild/2003">
  <ItemGroup>
    <Filter Include="src">
      <UniqueIdentifier>{ab199e26-a94f-48cc-a43a-8eb24ec6cda2}</UniqueIdentifier>
    </Filter>
    <Filter Include="src\infrastructure">
      <UniqueIdentifier>{52fe8f7a-61d9-40cc-9993-f85f0ec3485c}</UniqueIdentifier>
    </Filter>
    <Filter Include="example">
      <UniqueIdentifier>{e97302b4-35f0-47c4-a058-fe27e432526d}</UniqueIdentifier>
    </Filter>
    <Filter Include="src\domain">
      <UniqueIdentifier>{557ced7f-cca2-46e2-9014-79bc399c899e}</UniqueIdentifier>
    </Filter>
    <Filter Include="src\domain\database">
      <UniqueIdentifier>{572a9eee-5b4b-4f37-acdc-3ba9b6c718b3}</UniqueIdentifier>
    </Filter>
    <Filter Include="src\domain\table">
      <UniqueIdentifier>{5eda108e-8a24-418b-a64f-0880b66be57c}</UniqueIdentifier>
    </Filter>
  </ItemGroup>
  <ItemGroup>
    <ClCompile Include="main.cpp">
      <Filter>src</Filter>
    </ClCompile>
    <ClCompile Include="infrastructure\SerializerTests.cpp">
      <Filter>src\infrastructure</Filter>
    </ClCompile>
    <ClCompile Include="domain\database\DatabaseTests.cpp">
      <Filter>src\domain\database</Filter>
    </ClCompile>
    <ClCompile Include="domain\table\TableTests.cpp">
      <Filter>src\domain\table</Filter>
    </ClCompile>
  </ItemGroup>
  <ItemGroup>
    <Text Include="example\full_database.txt">
      <Filter>example</Filter>
    </Text>
    <Text Include="example\empty_database.txt">
      <Filter>example</Filter>
    </Text>
    <Text Include="example\empty_table_database.txt">
      <Filter>example</Filter>
    </Text>
    <Text Include="example\invalid_database.txt">
      <Filter>example</Filter>
    </Text>
  </ItemGroup>
</Project>